
Microsoft Visual Studio Solution File, Format Version 12.00
# Visual Studio Version 16
VisualStudioVersion = 16.0.29911.84
MinimumVisualStudioVersion = 10.0.40219.1
Project("{FAE04EC0-301F-11D3-BF4B-00C04F79EFBC}") = "PirmasisProjetkasGitHub", "PirmasisProjetkasGitHub\PirmasisProjetkasGitHub.csproj", "{B6844AB7-CAE9-4212-8587-B5A53FD2FFED}"
EndProject
Global
	GlobalSection(SolutionConfigurationPlatforms) = preSolution
		Debug|Any CPU = Debug|Any CPU
		Release|Any CPU = Release|Any CPU
	EndGlobalSection
	GlobalSection(ProjectConfigurationPlatforms) = postSolution
		{B6844AB7-CAE9-4212-8587-B5A53FD2FFED}.Debug|Any CPU.ActiveCfg = Debug|Any CPU
		{B6844AB7-CAE9-4212-8587-B5A53FD2FFED}.Debug|Any CPU.Build.0 = Debug|Any CPU
		{B6844AB7-CAE9-4212-8587-B5A53FD2FFED}.Release|Any CPU.ActiveCfg = Release|Any CPU
		{B6844AB7-CAE9-4212-8587-B5A53FD2FFED}.Release|Any CPU.Build.0 = Release|Any CPU
	EndGlobalSection
	GlobalSection(SolutionProperties) = preSolution
		HideSolutionNode = FALSE
	EndGlobalSection
	GlobalSection(ExtensibilityGlobals) = postSolution
		SolutionGuid = {8C38E008-835F-4EB8-AB90-6E0C3837373D}
	EndGlobalSection
EndGlobal
